
Microsoft Visual Studio Solution File, Format Version 12.00
# Visual Studio Version 16
VisualStudioVersion = 16.0.31515.178
MinimumVisualStudioVersion = 10.0.40219.1
Project("{FAE04EC0-301F-11D3-BF4B-00C04F79EFBC}") = "SOFTWARE", "SOFTWARE\SOFTWARE.csproj", "{65961372-6F80-4B0C-A4C6-A4AA5377F294}"
EndProject
Global
	GlobalSection(SolutionConfigurationPlatforms) = preSolution
		Debug|Any CPU = Debug|Any CPU
		Release|Any CPU = Release|Any CPU
	EndGlobalSection
	GlobalSection(ProjectConfigurationPlatforms) = postSolution
		{65961372-6F80-4B0C-A4C6-A4AA5377F294}.Debug|Any CPU.ActiveCfg = Debug|Any CPU
		{65961372-6F80-4B0C-A4C6-A4AA5377F294}.Debug|Any CPU.Build.0 = Debug|Any CPU
		{65961372-6F80-4B0C-A4C6-A4AA5377F294}.Release|Any CPU.ActiveCfg = Release|Any CPU
		{65961372-6F80-4B0C-A4C6-A4AA5377F294}.Release|Any CPU.Build.0 = Release|Any CPU
	EndGlobalSection
	GlobalSection(SolutionProperties) = preSolution
		HideSolutionNode = FALSE
	EndGlobalSection
	GlobalSection(ExtensibilityGlobals) = postSolution
		SolutionGuid = {9515DDD6-D325-4B8E-AA21-275EADD0A6D7}
	EndGlobalSection
EndGlobal
